
Microsoft Visual Studio Solution File, Format Version 12.00
# Visual Studio Version 16
VisualStudioVersion = 16.0.30717.126
MinimumVisualStudioVersion = 10.0.40219.1
Project("{FAE04EC0-301F-11D3-BF4B-00C04F79EFBC}") = "ComprobarLoteriaNavidad", "ComprobarLoteriaNavidad\ComprobarLoteriaNavidad.csproj", "{98D45712-4599-4A6C-A5E6-89EB56AEB748}"
EndProject
Global
	GlobalSection(SolutionConfigurationPlatforms) = preSolution
		Debug|Any CPU = Debug|Any CPU
		Release|Any CPU = Release|Any CPU
	EndGlobalSection
	GlobalSection(ProjectConfigurationPlatforms) = postSolution
		{98D45712-4599-4A6C-A5E6-89EB56AEB748}.Debug|Any CPU.ActiveCfg = Debug|Any CPU
		{98D45712-4599-4A6C-A5E6-89EB56AEB748}.Debug|Any CPU.Build.0 = Debug|Any CPU
		{98D45712-4599-4A6C-A5E6-89EB56AEB748}.Release|Any CPU.ActiveCfg = Release|Any CPU
		{98D45712-4599-4A6C-A5E6-89EB56AEB748}.Release|Any CPU.Build.0 = Release|Any CPU
	EndGlobalSection
	GlobalSection(SolutionProperties) = preSolution
		HideSolutionNode = FALSE
	EndGlobalSection
	GlobalSection(ExtensibilityGlobals) = postSolution
		SolutionGuid = {C54A5CEB-5FB4-47A7-B64A-6F1490E4B470}
	EndGlobalSection
EndGlobal
